
Microsoft Visual Studio Solution File, Format Version 12.00
# Visual Studio Version 16
VisualStudioVersion = 16.0.29519.181
MinimumVisualStudioVersion = 10.0.40219.1
Project("{2150E333-8FDC-42A3-9474-1A3956D46DE8}") = "01 - Testes de Unidade", "01 - Testes de Unidade", "{D3D4C98D-D493-43AD-8AB9-BB3750A647AA}"
EndProject
Project("{2150E333-8FDC-42A3-9474-1A3956D46DE8}") = "1.1 - Testes Basicos", "1.1 - Testes Basicos", "{EAF41E49-2F4E-4979-80F1-A8FF7B3EF491}"
EndProject
Project("{9A19103F-16F7-4668-BE54-9A1E7A4F7556}") = "Demo", "Demo\Demo.csproj", "{A848D116-5E4F-4605-AD12-20E7E44ED451}"
EndProject
Project("{9A19103F-16F7-4668-BE54-9A1E7A4F7556}") = "Demo.Tests", "Demo.Tests\Demo.Tests.csproj", "{F02DDD79-5B61-4839-8657-0EF638A415AD}"
EndProject
Project("{2150E333-8FDC-42A3-9474-1A3956D46DE8}") = "2.2 -Features", "2.2 -Features", "{C9404DA3-3A3F-4C4E-A339-1CF104F52F5B}"
EndProject
Project("{FAE04EC0-301F-11D3-BF4B-00C04F79EFBC}") = "Features", "Features\Features.csproj", "{73AC518D-44DD-40FC-AB6D-2C584BF596F3}"
EndProject
Project("{FAE04EC0-301F-11D3-BF4B-00C04F79EFBC}") = "Features.Tests", "Features.Tests\Features.Tests.csproj", "{3A940B88-1738-4775-BB01-2145CBB0B627}"
EndProject
Global
	GlobalSection(SolutionConfigurationPlatforms) = preSolution
		Debug|Any CPU = Debug|Any CPU
		Release|Any CPU = Release|Any CPU
	EndGlobalSection
	GlobalSection(ProjectConfigurationPlatforms) = postSolution
		{A848D116-5E4F-4605-AD12-20E7E44ED451}.Debug|Any CPU.ActiveCfg = Debug|Any CPU
		{A848D116-5E4F-4605-AD12-20E7E44ED451}.Debug|Any CPU.Build.0 = Debug|Any CPU
		{A848D116-5E4F-4605-AD12-20E7E44ED451}.Release|Any CPU.ActiveCfg = Release|Any CPU
		{A848D116-5E4F-4605-AD12-20E7E44ED451}.Release|Any CPU.Build.0 = Release|Any CPU
		{F02DDD79-5B61-4839-8657-0EF638A415AD}.Debug|Any CPU.ActiveCfg = Debug|Any CPU
		{F02DDD79-5B61-4839-8657-0EF638A415AD}.Debug|Any CPU.Build.0 = Debug|Any CPU
		{F02DDD79-5B61-4839-8657-0EF638A415AD}.Release|Any CPU.ActiveCfg = Release|Any CPU
		{F02DDD79-5B61-4839-8657-0EF638A415AD}.Release|Any CPU.Build.0 = Release|Any CPU
		{73AC518D-44DD-40FC-AB6D-2C584BF596F3}.Debug|Any CPU.ActiveCfg = Debug|Any CPU
		{73AC518D-44DD-40FC-AB6D-2C584BF596F3}.Debug|Any CPU.Build.0 = Debug|Any CPU
		{73AC518D-44DD-40FC-AB6D-2C584BF596F3}.Release|Any CPU.ActiveCfg = Release|Any CPU
		{73AC518D-44DD-40FC-AB6D-2C584BF596F3}.Release|Any CPU.Build.0 = Release|Any CPU
		{3A940B88-1738-4775-BB01-2145CBB0B627}.Debug|Any CPU.ActiveCfg = Debug|Any CPU
		{3A940B88-1738-4775-BB01-2145CBB0B627}.Debug|Any CPU.Build.0 = Debug|Any CPU
		{3A940B88-1738-4775-BB01-2145CBB0B627}.Release|Any CPU.ActiveCfg = Release|Any CPU
		{3A940B88-1738-4775-BB01-2145CBB0B627}.Release|Any CPU.Build.0 = Release|Any CPU
	EndGlobalSection
	GlobalSection(SolutionProperties) = preSolution
		HideSolutionNode = FALSE
	EndGlobalSection
	GlobalSection(NestedProjects) = preSolution
		{EAF41E49-2F4E-4979-80F1-A8FF7B3EF491} = {D3D4C98D-D493-43AD-8AB9-BB3750A647AA}
		{A848D116-5E4F-4605-AD12-20E7E44ED451} = {EAF41E49-2F4E-4979-80F1-A8FF7B3EF491}
		{F02DDD79-5B61-4839-8657-0EF638A415AD} = {EAF41E49-2F4E-4979-80F1-A8FF7B3EF491}
		{C9404DA3-3A3F-4C4E-A339-1CF104F52F5B} = {D3D4C98D-D493-43AD-8AB9-BB3750A647AA}
		{73AC518D-44DD-40FC-AB6D-2C584BF596F3} = {C9404DA3-3A3F-4C4E-A339-1CF104F52F5B}
		{3A940B88-1738-4775-BB01-2145CBB0B627} = {C9404DA3-3A3F-4C4E-A339-1CF104F52F5B}
	EndGlobalSection
	GlobalSection(ExtensibilityGlobals) = postSolution
		SolutionGuid = {9859FD64-AFF3-4D6D-82D1-6FBA395B49E8}
	EndGlobalSection
EndGlobal
