
Microsoft Visual Studio Solution File, Format Version 12.00
# Visual Studio Version 16
VisualStudioVersion = 16.0.29519.181
MinimumVisualStudioVersion = 10.0.40219.1
Project("{2150E333-8FDC-42A3-9474-1A3956D46DE8}") = "01 - Testes de Unidade", "01 - Testes de Unidade", "{D3D4C98D-D493-43AD-8AB9-BB3750A647AA}"
EndProject
Project("{2150E333-8FDC-42A3-9474-1A3956D46DE8}") = "1.1 - Testes Basicos", "1.1 - Testes Basicos", "{EAF41E49-2F4E-4979-80F1-A8FF7B3EF491}"
EndProject
Project("{9A19103F-16F7-4668-BE54-9A1E7A4F7556}") = "Demo", "Demo\Demo.csproj", "{A848D116-5E4F-4605-AD12-20E7E44ED451}"
EndProject
Project("{9A19103F-16F7-4668-BE54-9A1E7A4F7556}") = "Demo.Tests", "Demo.Tests\Demo.Tests.csproj", "{F02DDD79-5B61-4839-8657-0EF638A415AD}"
EndProject
Project("{2150E333-8FDC-42A3-9474-1A3956D46DE8}") = "2.2 -Features", "2.2 -Features", "{C9404DA3-3A3F-4C4E-A339-1CF104F52F5B}"
EndProject
Project("{9A19103F-16F7-4668-BE54-9A1E7A4F7556}") = "Features", "Features\Features.csproj", "{73AC518D-44DD-40FC-AB6D-2C584BF596F3}"
EndProject
Project("{9A19103F-16F7-4668-BE54-9A1E7A4F7556}") = "Features.Tests", "Features.Tests\Features.Tests.csproj", "{3A940B88-1738-4775-BB01-2145CBB0B627}"
EndProject
Project("{2150E333-8FDC-42A3-9474-1A3956D46DE8}") = "02 - TDD", "02 - TDD", "{61E76D04-74C2-4877-90EA-E2029C427E78}"
EndProject
Project("{2150E333-8FDC-42A3-9474-1A3956D46DE8}") = "Tests", "Tests", "{3E5916E9-2A76-4497-8D97-61E92D21A30C}"
EndProject
Project("{9A19103F-16F7-4668-BE54-9A1E7A4F7556}") = "NerdStore.Core", "NerdStore.Core\NerdStore.Core.csproj", "{005B09FA-AE55-4B38-B901-9F2DE83CB923}"
EndProject
Project("{9A19103F-16F7-4668-BE54-9A1E7A4F7556}") = "NerdStore.Vendas.Application", "NerdStore.Vendas.Application\NerdStore.Vendas.Application.csproj", "{A02E97F9-B610-4C9D-9C2A-7AFD0B474846}"
EndProject
Project("{9A19103F-16F7-4668-BE54-9A1E7A4F7556}") = "NerdStore.Vendas.Data", "NerdStore.Vendas.Data\NerdStore.Vendas.Data.csproj", "{CF3717A6-9C81-44C9-B58D-8D2BA8B88381}"
EndProject
Project("{9A19103F-16F7-4668-BE54-9A1E7A4F7556}") = "NerdStore.Vendas.Domain", "NerdStore.Vendas.Domain\NerdStore.Vendas.Domain.csproj", "{8A0322C6-804A-4D04-8CAE-4BC75063B28D}"
EndProject
Project("{9A19103F-16F7-4668-BE54-9A1E7A4F7556}") = "NerdStore.Vendas.Application.Tests", "NerdStore.Vendas.Application.Tests\NerdStore.Vendas.Application.Tests.csproj", "{8950D046-D7BE-4C66-B3ED-811A5030AE01}"
EndProject
Project("{9A19103F-16F7-4668-BE54-9A1E7A4F7556}") = "NerdStore.Vendas.Domain.Tests", "NerdStore.Vendas.Domain.Tests\NerdStore.Vendas.Domain.Tests.csproj", "{A718F339-D570-4A35-9731-9ED75CB46135}"
EndProject
Project("{2150E333-8FDC-42A3-9474-1A3956D46DE8}") = "03 - Testes de integração", "03 - Testes de integração", "{82520B7D-C6C5-446F-9FC7-DE8AAD915E65}"
EndProject
Project("{FAE04EC0-301F-11D3-BF4B-00C04F79EFBC}") = "NerdStore.Catalogo.Application", "NerdStore.Catalogo.Application\NerdStore.Catalogo.Application.csproj", "{F4CCB91A-B619-4190-BD3F-A10394D6A524}"
EndProject
Project("{FAE04EC0-301F-11D3-BF4B-00C04F79EFBC}") = "NerdStore.Catalogo.Data", "NerdStore.Catalogo.Data\NerdStore.Catalogo.Data.csproj", "{CF97F31A-1D87-4D14-BFEA-BA812BC3FABB}"
EndProject
Project("{FAE04EC0-301F-11D3-BF4B-00C04F79EFBC}") = "NerdStore.Catalogo.Domain", "NerdStore.Catalogo.Domain\NerdStore.Catalogo.Domain.csproj", "{B711E3EB-D395-42D9-A7E0-B97E4F8CA750}"
EndProject
Project("{FAE04EC0-301F-11D3-BF4B-00C04F79EFBC}") = "NerdStore.WebApp.MVC", "NerdStore.WebApp.MVC\NerdStore.WebApp.MVC.csproj", "{F9A0B36D-8FD4-481D-AE50-1F6AF54E010D}"
EndProject
Global
	GlobalSection(SolutionConfigurationPlatforms) = preSolution
		Debug|Any CPU = Debug|Any CPU
		Release|Any CPU = Release|Any CPU
	EndGlobalSection
	GlobalSection(ProjectConfigurationPlatforms) = postSolution
		{A848D116-5E4F-4605-AD12-20E7E44ED451}.Debug|Any CPU.ActiveCfg = Debug|Any CPU
		{A848D116-5E4F-4605-AD12-20E7E44ED451}.Debug|Any CPU.Build.0 = Debug|Any CPU
		{A848D116-5E4F-4605-AD12-20E7E44ED451}.Release|Any CPU.ActiveCfg = Release|Any CPU
		{A848D116-5E4F-4605-AD12-20E7E44ED451}.Release|Any CPU.Build.0 = Release|Any CPU
		{F02DDD79-5B61-4839-8657-0EF638A415AD}.Debug|Any CPU.ActiveCfg = Debug|Any CPU
		{F02DDD79-5B61-4839-8657-0EF638A415AD}.Debug|Any CPU.Build.0 = Debug|Any CPU
		{F02DDD79-5B61-4839-8657-0EF638A415AD}.Release|Any CPU.ActiveCfg = Release|Any CPU
		{F02DDD79-5B61-4839-8657-0EF638A415AD}.Release|Any CPU.Build.0 = Release|Any CPU
		{73AC518D-44DD-40FC-AB6D-2C584BF596F3}.Debug|Any CPU.ActiveCfg = Debug|Any CPU
		{73AC518D-44DD-40FC-AB6D-2C584BF596F3}.Debug|Any CPU.Build.0 = Debug|Any CPU
		{73AC518D-44DD-40FC-AB6D-2C584BF596F3}.Release|Any CPU.ActiveCfg = Release|Any CPU
		{73AC518D-44DD-40FC-AB6D-2C584BF596F3}.Release|Any CPU.Build.0 = Release|Any CPU
		{3A940B88-1738-4775-BB01-2145CBB0B627}.Debug|Any CPU.ActiveCfg = Debug|Any CPU
		{3A940B88-1738-4775-BB01-2145CBB0B627}.Debug|Any CPU.Build.0 = Debug|Any CPU
		{3A940B88-1738-4775-BB01-2145CBB0B627}.Release|Any CPU.ActiveCfg = Release|Any CPU
		{3A940B88-1738-4775-BB01-2145CBB0B627}.Release|Any CPU.Build.0 = Release|Any CPU
		{005B09FA-AE55-4B38-B901-9F2DE83CB923}.Debug|Any CPU.ActiveCfg = Debug|Any CPU
		{005B09FA-AE55-4B38-B901-9F2DE83CB923}.Debug|Any CPU.Build.0 = Debug|Any CPU
		{005B09FA-AE55-4B38-B901-9F2DE83CB923}.Release|Any CPU.ActiveCfg = Release|Any CPU
		{005B09FA-AE55-4B38-B901-9F2DE83CB923}.Release|Any CPU.Build.0 = Release|Any CPU
		{A02E97F9-B610-4C9D-9C2A-7AFD0B474846}.Debug|Any CPU.ActiveCfg = Debug|Any CPU
		{A02E97F9-B610-4C9D-9C2A-7AFD0B474846}.Debug|Any CPU.Build.0 = Debug|Any CPU
		{A02E97F9-B610-4C9D-9C2A-7AFD0B474846}.Release|Any CPU.ActiveCfg = Release|Any CPU
		{A02E97F9-B610-4C9D-9C2A-7AFD0B474846}.Release|Any CPU.Build.0 = Release|Any CPU
		{CF3717A6-9C81-44C9-B58D-8D2BA8B88381}.Debug|Any CPU.ActiveCfg = Debug|Any CPU
		{CF3717A6-9C81-44C9-B58D-8D2BA8B88381}.Debug|Any CPU.Build.0 = Debug|Any CPU
		{CF3717A6-9C81-44C9-B58D-8D2BA8B88381}.Release|Any CPU.ActiveCfg = Release|Any CPU
		{CF3717A6-9C81-44C9-B58D-8D2BA8B88381}.Release|Any CPU.Build.0 = Release|Any CPU
		{8A0322C6-804A-4D04-8CAE-4BC75063B28D}.Debug|Any CPU.ActiveCfg = Debug|Any CPU
		{8A0322C6-804A-4D04-8CAE-4BC75063B28D}.Debug|Any CPU.Build.0 = Debug|Any CPU
		{8A0322C6-804A-4D04-8CAE-4BC75063B28D}.Release|Any CPU.ActiveCfg = Release|Any CPU
		{8A0322C6-804A-4D04-8CAE-4BC75063B28D}.Release|Any CPU.Build.0 = Release|Any CPU
		{8950D046-D7BE-4C66-B3ED-811A5030AE01}.Debug|Any CPU.ActiveCfg = Debug|Any CPU
		{8950D046-D7BE-4C66-B3ED-811A5030AE01}.Debug|Any CPU.Build.0 = Debug|Any CPU
		{8950D046-D7BE-4C66-B3ED-811A5030AE01}.Release|Any CPU.ActiveCfg = Release|Any CPU
		{8950D046-D7BE-4C66-B3ED-811A5030AE01}.Release|Any CPU.Build.0 = Release|Any CPU
		{A718F339-D570-4A35-9731-9ED75CB46135}.Debug|Any CPU.ActiveCfg = Debug|Any CPU
		{A718F339-D570-4A35-9731-9ED75CB46135}.Debug|Any CPU.Build.0 = Debug|Any CPU
		{A718F339-D570-4A35-9731-9ED75CB46135}.Release|Any CPU.ActiveCfg = Release|Any CPU
		{A718F339-D570-4A35-9731-9ED75CB46135}.Release|Any CPU.Build.0 = Release|Any CPU
		{F4CCB91A-B619-4190-BD3F-A10394D6A524}.Debug|Any CPU.ActiveCfg = Debug|Any CPU
		{F4CCB91A-B619-4190-BD3F-A10394D6A524}.Debug|Any CPU.Build.0 = Debug|Any CPU
		{F4CCB91A-B619-4190-BD3F-A10394D6A524}.Release|Any CPU.ActiveCfg = Release|Any CPU
		{F4CCB91A-B619-4190-BD3F-A10394D6A524}.Release|Any CPU.Build.0 = Release|Any CPU
		{CF97F31A-1D87-4D14-BFEA-BA812BC3FABB}.Debug|Any CPU.ActiveCfg = Debug|Any CPU
		{CF97F31A-1D87-4D14-BFEA-BA812BC3FABB}.Debug|Any CPU.Build.0 = Debug|Any CPU
		{CF97F31A-1D87-4D14-BFEA-BA812BC3FABB}.Release|Any CPU.ActiveCfg = Release|Any CPU
		{CF97F31A-1D87-4D14-BFEA-BA812BC3FABB}.Release|Any CPU.Build.0 = Release|Any CPU
		{B711E3EB-D395-42D9-A7E0-B97E4F8CA750}.Debug|Any CPU.ActiveCfg = Debug|Any CPU
		{B711E3EB-D395-42D9-A7E0-B97E4F8CA750}.Debug|Any CPU.Build.0 = Debug|Any CPU
		{B711E3EB-D395-42D9-A7E0-B97E4F8CA750}.Release|Any CPU.ActiveCfg = Release|Any CPU
		{B711E3EB-D395-42D9-A7E0-B97E4F8CA750}.Release|Any CPU.Build.0 = Release|Any CPU
		{F9A0B36D-8FD4-481D-AE50-1F6AF54E010D}.Debug|Any CPU.ActiveCfg = Debug|Any CPU
		{F9A0B36D-8FD4-481D-AE50-1F6AF54E010D}.Debug|Any CPU.Build.0 = Debug|Any CPU
		{F9A0B36D-8FD4-481D-AE50-1F6AF54E010D}.Release|Any CPU.ActiveCfg = Release|Any CPU
		{F9A0B36D-8FD4-481D-AE50-1F6AF54E010D}.Release|Any CPU.Build.0 = Release|Any CPU
	EndGlobalSection
	GlobalSection(SolutionProperties) = preSolution
		HideSolutionNode = FALSE
	EndGlobalSection
	GlobalSection(NestedProjects) = preSolution
		{EAF41E49-2F4E-4979-80F1-A8FF7B3EF491} = {D3D4C98D-D493-43AD-8AB9-BB3750A647AA}
		{A848D116-5E4F-4605-AD12-20E7E44ED451} = {EAF41E49-2F4E-4979-80F1-A8FF7B3EF491}
		{F02DDD79-5B61-4839-8657-0EF638A415AD} = {EAF41E49-2F4E-4979-80F1-A8FF7B3EF491}
		{C9404DA3-3A3F-4C4E-A339-1CF104F52F5B} = {D3D4C98D-D493-43AD-8AB9-BB3750A647AA}
		{73AC518D-44DD-40FC-AB6D-2C584BF596F3} = {C9404DA3-3A3F-4C4E-A339-1CF104F52F5B}
		{3A940B88-1738-4775-BB01-2145CBB0B627} = {C9404DA3-3A3F-4C4E-A339-1CF104F52F5B}
		{3E5916E9-2A76-4497-8D97-61E92D21A30C} = {61E76D04-74C2-4877-90EA-E2029C427E78}
		{005B09FA-AE55-4B38-B901-9F2DE83CB923} = {61E76D04-74C2-4877-90EA-E2029C427E78}
		{A02E97F9-B610-4C9D-9C2A-7AFD0B474846} = {61E76D04-74C2-4877-90EA-E2029C427E78}
		{CF3717A6-9C81-44C9-B58D-8D2BA8B88381} = {61E76D04-74C2-4877-90EA-E2029C427E78}
		{8A0322C6-804A-4D04-8CAE-4BC75063B28D} = {61E76D04-74C2-4877-90EA-E2029C427E78}
		{8950D046-D7BE-4C66-B3ED-811A5030AE01} = {3E5916E9-2A76-4497-8D97-61E92D21A30C}
		{A718F339-D570-4A35-9731-9ED75CB46135} = {3E5916E9-2A76-4497-8D97-61E92D21A30C}
		{F4CCB91A-B619-4190-BD3F-A10394D6A524} = {82520B7D-C6C5-446F-9FC7-DE8AAD915E65}
		{CF97F31A-1D87-4D14-BFEA-BA812BC3FABB} = {82520B7D-C6C5-446F-9FC7-DE8AAD915E65}
		{B711E3EB-D395-42D9-A7E0-B97E4F8CA750} = {82520B7D-C6C5-446F-9FC7-DE8AAD915E65}
		{F9A0B36D-8FD4-481D-AE50-1F6AF54E010D} = {82520B7D-C6C5-446F-9FC7-DE8AAD915E65}
	EndGlobalSection
	GlobalSection(ExtensibilityGlobals) = postSolution
		SolutionGuid = {9859FD64-AFF3-4D6D-82D1-6FBA395B49E8}
	EndGlobalSection
EndGlobal
